
Microsoft Visual Studio Solution File, Format Version 12.00
# Visual Studio Version 16
VisualStudioVersion = 16.0.30011.22
MinimumVisualStudioVersion = 10.0.40219.1
Project("{FAE04EC0-301F-11D3-BF4B-00C04F79EFBC}") = "Test", "Test\Test.csproj", "{4DDE705F-08B2-429F-9ECD-19C0843CC951}"
EndProject
Global
	GlobalSection(SolutionConfigurationPlatforms) = preSolution
		Debug|Any CPU = Debug|Any CPU
		Release|Any CPU = Release|Any CPU
	EndGlobalSection
	GlobalSection(ProjectConfigurationPlatforms) = postSolution
		{4DDE705F-08B2-429F-9ECD-19C0843CC951}.Debug|Any CPU.ActiveCfg = Debug|Any CPU
		{4DDE705F-08B2-429F-9ECD-19C0843CC951}.Debug|Any CPU.Build.0 = Debug|Any CPU
		{4DDE705F-08B2-429F-9ECD-19C0843CC951}.Release|Any CPU.ActiveCfg = Release|Any CPU
		{4DDE705F-08B2-429F-9ECD-19C0843CC951}.Release|Any CPU.Build.0 = Release|Any CPU
	EndGlobalSection
	GlobalSection(SolutionProperties) = preSolution
		HideSolutionNode = FALSE
	EndGlobalSection
	GlobalSection(ExtensibilityGlobals) = postSolution
		SolutionGuid = {7988347B-2056-4DD3-B114-EF3FCE8A27F3}
	EndGlobalSection
EndGlobal
